
Microsoft Visual Studio Solution File, Format Version 9.00
# Visual Studio 2005
Project("{E24C65DC-7377-472B-9ABA-BC803B73C61A}") = "C:\...\Grid View\", "Grid View\", "{A1F4D5B3-5355-47FF-9086-AD12E9376822}"
	ProjectSection(WebsiteProperties) = preProject
		Debug.AspNetCompiler.VirtualPath = "/Grid View"
		Debug.AspNetCompiler.PhysicalPath = "..\..\..\..\Desktop\Grid View\Grid View\"
		Debug.AspNetCompiler.TargetPath = "PrecompiledWeb\Grid View\"
		Debug.AspNetCompiler.Updateable = "true"
		Debug.AspNetCompiler.ForceOverwrite = "true"
		Debug.AspNetCompiler.FixedNames = "false"
		Debug.AspNetCompiler.Debug = "True"
		Release.AspNetCompiler.VirtualPath = "/Grid View"
		Release.AspNetCompiler.PhysicalPath = "..\..\..\..\Desktop\Grid View\Grid View\"
		Release.AspNetCompiler.TargetPath = "PrecompiledWeb\Grid View\"
		Release.AspNetCompiler.Updateable = "true"
		Release.AspNetCompiler.ForceOverwrite = "true"
		Release.AspNetCompiler.FixedNames = "false"
		Release.AspNetCompiler.Debug = "False"
		VWDPort = "1387"
	EndProjectSection
EndProject
Global
	GlobalSection(SolutionConfigurationPlatforms) = preSolution
		Debug|.NET = Debug|.NET
	EndGlobalSection
	GlobalSection(ProjectConfigurationPlatforms) = postSolution
		{A1F4D5B3-5355-47FF-9086-AD12E9376822}.Debug|.NET.ActiveCfg = Debug|.NET
		{A1F4D5B3-5355-47FF-9086-AD12E9376822}.Debug|.NET.Build.0 = Debug|.NET
	EndGlobalSection
	GlobalSection(SolutionProperties) = preSolution
		HideSolutionNode = FALSE
	EndGlobalSection
EndGlobal
